# This file is automatically @generated by Cargo.
# It is not intended for manual editing.
version = 3

[[package]]
name = "autocfg"
version = "1.3.0"
source = "registry+https://github.com/rust-lang/crates.io-index"
checksum = "0c4b4d0bd25bd0b74681c0ad21497610ce1b7c91b1022cd21c80c6fbdd9476b0"

[[package]]
name = "bit_field"
version = "0.10.2"
source = "registry+https://github.com/rust-lang/crates.io-index"
checksum = "dc827186963e592360843fb5ba4b973e145841266c1357f7180c43526f2e5b61"

[[package]]
name = "cfg-if"
version = "1.0.0"
source = "registry+https://github.com/rust-lang/crates.io-index"
checksum = "baf1de4339761588bc0619e3cbc0120ee582ebb74b53b4efbf79117bd2da40fd"

[[package]]
name = "critical-section"
version = "1.1.2"
source = "registry+https://github.com/rust-lang/crates.io-index"
checksum = "7059fff8937831a9ae6f0fe4d658ffabf58f2ca96aa9dec1c889f936f705f216"

[[package]]
name = "embedded-hal"
version = "0.2.7"
source = "registry+https://github.com/rust-lang/crates.io-index"
checksum = "35949884794ad573cf46071e41c9b60efb0cb311e3ca01f7af807af1debc66ff"
dependencies = [
 "nb 0.1.3",
 "void",
]

[[package]]
name = "embedded-hal"
version = "1.0.0"
source = "registry+https://github.com/rust-lang/crates.io-index"
checksum = "361a90feb7004eca4019fb28352a9465666b24f840f5c3cddf0ff13920590b89"

[[package]]
name = "fast-trap"
version = "0.0.1"
source = "registry+https://github.com/rust-lang/crates.io-index"
checksum = "7fbe69badc2e0dc98ad2787648fa140b5772d24b49e9a6b180a67e1348f7544c"

[[package]]
name = "hpm-metapac"
version = "0.0.3"
source = "git+https://github.com/hpmicro-rs/hpm-metapac.git?tag=hpm-data-c9fcffe822d42025324b28640051da8a0afb3cfc#89b84eea3095869f5ee2a60886d3398bbc5fc196"
dependencies = [
 "riscv 0.11.1",
 "vcell",
]

[[package]]
name = "hpm-rt"
version = "0.1.0"
source = "git+https://github.com/hpm-rs/hpm-rt.git?rev=66ffb7d7a65d7251d0b47db9599d36cefc4d6703#66ffb7d7a65d7251d0b47db9599d36cefc4d6703"
dependencies = [
 "cfg-if",
 "r0",
 "riscv 0.10.1",
 "riscv-rt-macros",
]

[[package]]
name = "lock_api"
version = "0.4.12"
source = "registry+https://github.com/rust-lang/crates.io-index"
checksum = "07af8b9cdd281b7915f413fa73f29ebd5d55d0d3f0155584dade1ff18cea1b17"
dependencies = [
 "autocfg",
 "scopeguard",
]

[[package]]
name = "nb"
version = "0.1.3"
source = "registry+https://github.com/rust-lang/crates.io-index"
checksum = "801d31da0513b6ec5214e9bf433a77966320625a37860f910be265be6e18d06f"
dependencies = [
 "nb 1.1.0",
]

[[package]]
name = "nb"
version = "1.1.0"
source = "registry+https://github.com/rust-lang/crates.io-index"
checksum = "8d5439c4ad607c3c23abf66de8c8bf57ba8adcd1f129e699851a6e43935d339d"

[[package]]
name = "proc-macro2"
version = "1.0.86"
source = "registry+https://github.com/rust-lang/crates.io-index"
checksum = "5e719e8df665df0d1c8fbfd238015744736151d4445ec0836b8e628aae103b77"
dependencies = [
 "unicode-ident",
]

[[package]]
name = "quote"
version = "1.0.36"
source = "registry+https://github.com/rust-lang/crates.io-index"
checksum = "0fa76aaf39101c457836aec0ce2316dbdc3ab723cdda1c6bd4e6ad4208acaca7"
dependencies = [
 "proc-macro2",
]

[[package]]
name = "r0"
version = "1.0.0"
source = "registry+https://github.com/rust-lang/crates.io-index"
checksum = "bd7a31eed1591dcbc95d92ad7161908e72f4677f8fabf2a32ca49b4237cbf211"

[[package]]
name = "riscv"
version = "0.10.1"
source = "registry+https://github.com/rust-lang/crates.io-index"
checksum = "aa3145d2fae3778b1e31ec2e827b228bdc6abd9b74bb5705ba46dcb82069bc4f"
dependencies = [
 "bit_field",
 "critical-section",
 "embedded-hal 0.2.7",
]

[[package]]
name = "riscv"
version = "0.11.1"
source = "registry+https://github.com/rust-lang/crates.io-index"
checksum = "2f5c1b8bf41ea746266cdee443d1d1e9125c86ce1447e1a2615abd34330d33a9"
dependencies = [
 "critical-section",
 "embedded-hal 1.0.0",
]

[[package]]
name = "riscv-decode"
version = "0.2.1"
source = "git+https://github.com/fintelia/riscv-decode.git?rev=349b2a6b9fa608fc427aa46eaef8935557510d28#349b2a6b9fa608fc427aa46eaef8935557510d28"

[[package]]
name = "riscv-rt-macros"
version = "0.2.0"
source = "git+https://github.com/hpm-rs/hpm-rt.git?rev=66ffb7d7a65d7251d0b47db9599d36cefc4d6703#66ffb7d7a65d7251d0b47db9599d36cefc4d6703"
dependencies = [
 "proc-macro2",
 "quote",
 "syn 1.0.109",
]

[[package]]
name = "rustsbi"
version = "0.4.0-alpha.3"
source = "registry+https://github.com/rust-lang/crates.io-index"
checksum = "ce47c5c62f6a4d9586b78cc2ba963330bc57a046c4b2949ebc128265707a40c3"
dependencies = [
 "riscv 0.11.1",
 "rustsbi-macros",
 "sbi-spec",
]

[[package]]
name = "rustsbi-hpm"
version = "0.1.0"
dependencies = [
 "fast-trap",
 "hpm-metapac",
 "hpm-rt",
 "riscv 0.10.1",
 "riscv-decode",
 "rustsbi",
 "sbi-spec",
 "spin",
]

[[package]]
name = "rustsbi-macros"
version = "0.0.2"
source = "registry+https://github.com/rust-lang/crates.io-index"
checksum = "a71347da9582cc6b6f3652c7d2c06516c9555690b3738ecdff7e84297f4e17fc"
dependencies = [
 "proc-macro2",
 "quote",
 "syn 2.0.74",
]

[[package]]
name = "sbi-spec"
version = "0.0.7"
source = "registry+https://github.com/rust-lang/crates.io-index"
checksum = "e6e36312fb5ddc10d08ecdc65187402baba4ac34585cb9d1b78522ae2358d890"

[[package]]
name = "scopeguard"
version = "1.2.0"
source = "registry+https://github.com/rust-lang/crates.io-index"
checksum = "94143f37725109f92c262ed2cf5e59bce7498c01bcc1502d7b9afe439a4e9f49"

[[package]]
name = "spin"
version = "0.9.8"
source = "registry+https://github.com/rust-lang/crates.io-index"
checksum = "6980e8d7511241f8acf4aebddbb1ff938df5eebe98691418c4468d0b72a96a67"
dependencies = [
 "lock_api",
]

[[package]]
name = "syn"
version = "1.0.109"
source = "registry+https://github.com/rust-lang/crates.io-index"
checksum = "72b64191b275b66ffe2469e8af2c1cfe3bafa67b529ead792a6d0160888b4237"
dependencies = [
 "proc-macro2",
 "quote",
 "unicode-ident",
]

[[package]]
name = "syn"
version = "2.0.74"
source = "registry+https://github.com/rust-lang/crates.io-index"
checksum = "1fceb41e3d546d0bd83421d3409b1460cc7444cd389341a4c880fe7a042cb3d7"
dependencies = [
 "proc-macro2",
 "quote",
 "unicode-ident",
]

[[package]]
name = "unicode-ident"
version = "1.0.12"
source = "registry+https://github.com/rust-lang/crates.io-index"
checksum = "3354b9ac3fae1ff6755cb6db53683adb661634f67557942dea4facebec0fee4b"

[[package]]
name = "vcell"
version = "0.1.3"
source = "registry+https://github.com/rust-lang/crates.io-index"
checksum = "77439c1b53d2303b20d9459b1ade71a83c716e3f9c34f3228c00e6f185d6c002"

[[package]]
name = "void"
version = "1.0.2"
source = "registry+https://github.com/rust-lang/crates.io-index"
checksum = "6a02e4885ed3bc0f2de90ea6dd45ebcbb66dacffe03547fadbb0eeae2770887d"
